
Microsoft Visual Studio Solution File, Format Version 12.00
# Visual Studio 15
VisualStudioVersion = 15.0.28307.1022
MinimumVisualStudioVersion = 10.0.40219.1
Project("{FAE04EC0-301F-11D3-BF4B-00C04F79EFBC}") = "TBH", "TBH\TBH.csproj", "{095FE43C-613F-440F-80D3-F9F8D6A76BF9}"
EndProject
Global
	GlobalSection(SolutionConfigurationPlatforms) = preSolution
		Debug|Any CPU = Debug|Any CPU
		Release|Any CPU = Release|Any CPU
	EndGlobalSection
	GlobalSection(ProjectConfigurationPlatforms) = postSolution
		{095FE43C-613F-440F-80D3-F9F8D6A76BF9}.Debug|Any CPU.ActiveCfg = Debug|Any CPU
		{095FE43C-613F-440F-80D3-F9F8D6A76BF9}.Debug|Any CPU.Build.0 = Debug|Any CPU
		{095FE43C-613F-440F-80D3-F9F8D6A76BF9}.Release|Any CPU.ActiveCfg = Release|Any CPU
		{095FE43C-613F-440F-80D3-F9F8D6A76BF9}.Release|Any CPU.Build.0 = Release|Any CPU
	EndGlobalSection
	GlobalSection(SolutionProperties) = preSolution
		HideSolutionNode = FALSE
	EndGlobalSection
	GlobalSection(ExtensibilityGlobals) = postSolution
		SolutionGuid = {DD9F841F-528A-49A4-8686-A97F20F4A4A4}
	EndGlobalSection
EndGlobal
